Microsoft Visual Studio Solution File, Format Version 12.00
# Visual Studio Version 18
VisualStudioVersion = 18.0.11205.157 d18.0
MinimumVisualStudioVersion = 10.0.40219.1
Project("{FAE04EC0-301F-11D3-BF4B-00C04F79EFBC}") = "SolarFarmBackend", "SolarFarmBackend.csproj", "{C811AAA3-0D23-FE6E-6412-8797F8FD44B8}"
EndProject
Project("{FAE04EC0-301F-11D3-BF4B-00C04F79EFBC}") = "DataGeneration", "..\Generator\DataGeneration.csproj", "{42AF4B2F-25B3-4EA1-BB30-2691F02F4BC5}"
EndProject
Global
	GlobalSection(SolutionConfigurationPlatforms) = preSolution
		Debug|Any CPU = Debug|Any CPU
		Release|Any CPU = Release|Any CPU
	EndGlobalSection
	GlobalSection(ProjectConfigurationPlatforms) = postSolution
		{C811AAA3-0D23-FE6E-6412-8797F8FD44B8}.Debug|Any CPU.ActiveCfg = Debug|Any CPU
		{C811AAA3-0D23-FE6E-6412-8797F8FD44B8}.Debug|Any CPU.Build.0 = Debug|Any CPU
		{C811AAA3-0D23-FE6E-6412-8797F8FD44B8}.Release|Any CPU.ActiveCfg = Release|Any CPU
		{C811AAA3-0D23-FE6E-6412-8797F8FD44B8}.Release|Any CPU.Build.0 = Release|Any CPU
		{42AF4B2F-25B3-4EA1-BB30-2691F02F4BC5}.Debug|Any CPU.ActiveCfg = Debug|Any CPU
		{42AF4B2F-25B3-4EA1-BB30-2691F02F4BC5}.Debug|Any CPU.Build.0 = Debug|Any CPU
		{42AF4B2F-25B3-4EA1-BB30-2691F02F4BC5}.Release|Any CPU.ActiveCfg = Release|Any CPU
		{42AF4B2F-25B3-4EA1-BB30-2691F02F4BC5}.Release|Any CPU.Build.0 = Release|Any CPU
	EndGlobalSection
	GlobalSection(SolutionProperties) = preSolution
		HideSolutionNode = FALSE
	EndGlobalSection
	GlobalSection(ExtensibilityGlobals) = postSolution
		SolutionGuid = {AD615329-8AC8-45A6-AFE4-0838304B0354}
	EndGlobalSection
EndGlobal
